Microsoft Visual Studio Solution File, Format Version 11.00
# Visual Studio 2008

Project("{DC6C0539-EAEF-DC44-566F-67B14AF46DBC}") = "catan-project", "Assembly-CSharp.csproj", "{69FFCBE9-8FB8-590F-D275-7312BE51FBE8}"
EndProject
Project("{DC6C0539-EAEF-DC44-566F-67B14AF46DBC}") = "catan-project", "Assembly-CSharp-Editor.csproj", "{42D1E9F9-3561-3223-9A0F-329B3813B5D4}"
EndProject
Global
	GlobalSection(SolutionConfigurationPlatforms) = preSolution
		Debug|Any CPU = Debug|Any CPU
		Release|Any CPU = Release|Any CPU
	EndGlobalSection
	GlobalSection(ProjectConfigurationPlatforms) = postSolution
		{69FFCBE9-8FB8-590F-D275-7312BE51FBE8}.Debug|Any CPU.ActiveCfg = Debug|Any CPU
		{69FFCBE9-8FB8-590F-D275-7312BE51FBE8}.Debug|Any CPU.Build.0 = Debug|Any CPU
		{69FFCBE9-8FB8-590F-D275-7312BE51FBE8}.Release|Any CPU.ActiveCfg = Release|Any CPU
		{69FFCBE9-8FB8-590F-D275-7312BE51FBE8}.Release|Any CPU.Build.0 = Release|Any CPU
		{42D1E9F9-3561-3223-9A0F-329B3813B5D4}.Debug|Any CPU.ActiveCfg = Debug|Any CPU
		{42D1E9F9-3561-3223-9A0F-329B3813B5D4}.Debug|Any CPU.Build.0 = Debug|Any CPU
		{42D1E9F9-3561-3223-9A0F-329B3813B5D4}.Release|Any CPU.ActiveCfg = Release|Any CPU
		{42D1E9F9-3561-3223-9A0F-329B3813B5D4}.Release|Any CPU.Build.0 = Release|Any CPU
	EndGlobalSection
	GlobalSection(SolutionProperties) = preSolution
		HideSolutionNode = FALSE
	EndGlobalSection
	GlobalSection(MonoDevelopProperties) = preSolution
		StartupItem = Assembly-CSharp.csproj
	EndGlobalSection
EndGlobal
