
Microsoft Visual Studio Solution File, Format Version 12.00
# Visual Studio 2015
Project("{FAE04EC0-301F-11D3-BF4B-00C04F79EFBC}") = "CatanProject", "CatanProject.csproj", "{87620A51-E9AE-0609-13BC-E9E4A549CC8D}"
EndProject
Project("{FAE04EC0-301F-11D3-BF4B-00C04F79EFBC}") = "CatanProject.Editor", "CatanProject.Editor.csproj", "{DEE18E75-0B96-D2C5-27F2-861F08B8A4EC}"
EndProject
Global
	GlobalSection(SolutionConfigurationPlatforms) = preSolution
		Debug|Any CPU = Debug|Any CPU
		Release|Any CPU = Release|Any CPU
	EndGlobalSection
	GlobalSection(ProjectConfigurationPlatforms) = postSolution
		{87620A51-E9AE-0609-13BC-E9E4A549CC8D}.Debug|Any CPU.ActiveCfg = Debug|Any CPU
		{87620A51-E9AE-0609-13BC-E9E4A549CC8D}.Debug|Any CPU.Build.0 = Debug|Any CPU
		{87620A51-E9AE-0609-13BC-E9E4A549CC8D}.Release|Any CPU.ActiveCfg = Release|Any CPU
		{87620A51-E9AE-0609-13BC-E9E4A549CC8D}.Release|Any CPU.Build.0 = Release|Any CPU
		{DEE18E75-0B96-D2C5-27F2-861F08B8A4EC}.Debug|Any CPU.ActiveCfg = Debug|Any CPU
		{DEE18E75-0B96-D2C5-27F2-861F08B8A4EC}.Debug|Any CPU.Build.0 = Debug|Any CPU
		{DEE18E75-0B96-D2C5-27F2-861F08B8A4EC}.Release|Any CPU.ActiveCfg = Release|Any CPU
		{DEE18E75-0B96-D2C5-27F2-861F08B8A4EC}.Release|Any CPU.Build.0 = Release|Any CPU
	EndGlobalSection
	GlobalSection(SolutionProperties) = preSolution
		HideSolutionNode = FALSE
	EndGlobalSection
EndGlobal
